
Microsoft Visual Studio Solution File, Format Version 12.00
# Visual Studio Version 17
VisualStudioVersion = 17.14.36203.30
MinimumVisualStudioVersion = 10.0.40219.1
Project("{2150E333-8FDC-42A3-9474-1A3956D46DE8}") = "1 - Aplication", "1 - Aplication", "{02EA681E-C7D8-13C7-8484-4AC65E1B71E8}"
EndProject
Project("{2150E333-8FDC-42A3-9474-1A3956D46DE8}") = "2 - Domain", "2 - Domain", "{AF6554A0-8A74-4339-82FF-2F642D46C541}"
EndProject
Project("{2150E333-8FDC-42A3-9474-1A3956D46DE8}") = "3 - Service", "3 - Service", "{0D228FD0-75B4-4E8D-B691-2360A0E72B2F}"
EndProject
Project("{2150E333-8FDC-42A3-9474-1A3956D46DE8}") = "4 - Infra", "4 - Infra", "{609277C3-BEE7-45C3-B143-D9219F266BE5}"
EndProject
Project("{2150E333-8FDC-42A3-9474-1A3956D46DE8}") = "4.1 - Data", "4.1 - Data", "{8DCD68EE-565F-45BF-ACB6-BEF0300F2DD1}"
EndProject
Project("{FAE04EC0-301F-11D3-BF4B-00C04F79EFBC}") = "CludeMedSync.Data", "src\CludeMedSync.Data\CludeMedSync.Data.csproj", "{DDAFF407-DC07-D7B1-FA6B-E26FF6382F4E}"
EndProject
Project("{FAE04EC0-301F-11D3-BF4B-00C04F79EFBC}") = "CludeMedSync.Service", "src\CludeMedSync.Service\CludeMedSync.Service.csproj", "{E3C2BFDC-023D-B329-352B-7CDD68DDD7D9}"
EndProject
Project("{FAE04EC0-301F-11D3-BF4B-00C04F79EFBC}") = "CludeMedSync.Domain", "src\CludeMedSync.Domain\CludeMedSync.Domain.csproj", "{D5379B6C-8ACC-D625-BA81-6A368FF2D807}"
EndProject
Project("{FAE04EC0-301F-11D3-BF4B-00C04F79EFBC}") = "CludeMedSync.Api", "src\CludeMedSync.Api\CludeMedSync.Api.csproj", "{B119D7D0-D16F-44E9-8BC7-280876709E7D}"
EndProject
Project("{2150E333-8FDC-42A3-9474-1A3956D46DE8}") = "5 - Tests", "5 - Tests", "{77F8D68C-7076-4DB4-8772-0D0C8954B407}"
EndProject
Project("{FAE04EC0-301F-11D3-BF4B-00C04F79EFBC}") = "CludeMedSync.Tests", "src\CludeMedSync.Tests\CludeMedSync.Tests.csproj", "{6DB29F45-28A2-93F7-7142-A3CD2AC0608C}"
EndProject
Global
	GlobalSection(SolutionConfigurationPlatforms) = preSolution
		Debug|Any CPU = Debug|Any CPU
		Release|Any CPU = Release|Any CPU
	EndGlobalSection
	GlobalSection(ProjectConfigurationPlatforms) = postSolution
		{DDAFF407-DC07-D7B1-FA6B-E26FF6382F4E}.Debug|Any CPU.ActiveCfg = Debug|Any CPU
		{DDAFF407-DC07-D7B1-FA6B-E26FF6382F4E}.Debug|Any CPU.Build.0 = Debug|Any CPU
		{DDAFF407-DC07-D7B1-FA6B-E26FF6382F4E}.Release|Any CPU.ActiveCfg = Release|Any CPU
		{DDAFF407-DC07-D7B1-FA6B-E26FF6382F4E}.Release|Any CPU.Build.0 = Release|Any CPU
		{E3C2BFDC-023D-B329-352B-7CDD68DDD7D9}.Debug|Any CPU.ActiveCfg = Debug|Any CPU
		{E3C2BFDC-023D-B329-352B-7CDD68DDD7D9}.Debug|Any CPU.Build.0 = Debug|Any CPU
		{E3C2BFDC-023D-B329-352B-7CDD68DDD7D9}.Release|Any CPU.ActiveCfg = Release|Any CPU
		{E3C2BFDC-023D-B329-352B-7CDD68DDD7D9}.Release|Any CPU.Build.0 = Release|Any CPU
		{D5379B6C-8ACC-D625-BA81-6A368FF2D807}.Debug|Any CPU.ActiveCfg = Debug|Any CPU
		{D5379B6C-8ACC-D625-BA81-6A368FF2D807}.Debug|Any CPU.Build.0 = Debug|Any CPU
		{D5379B6C-8ACC-D625-BA81-6A368FF2D807}.Release|Any CPU.ActiveCfg = Release|Any CPU
		{D5379B6C-8ACC-D625-BA81-6A368FF2D807}.Release|Any CPU.Build.0 = Release|Any CPU
		{B119D7D0-D16F-44E9-8BC7-280876709E7D}.Debug|Any CPU.ActiveCfg = Debug|Any CPU
		{B119D7D0-D16F-44E9-8BC7-280876709E7D}.Debug|Any CPU.Build.0 = Debug|Any CPU
		{B119D7D0-D16F-44E9-8BC7-280876709E7D}.Release|Any CPU.ActiveCfg = Release|Any CPU
		{B119D7D0-D16F-44E9-8BC7-280876709E7D}.Release|Any CPU.Build.0 = Release|Any CPU
		{6DB29F45-28A2-93F7-7142-A3CD2AC0608C}.Debug|Any CPU.ActiveCfg = Debug|Any CPU
		{6DB29F45-28A2-93F7-7142-A3CD2AC0608C}.Debug|Any CPU.Build.0 = Debug|Any CPU
		{6DB29F45-28A2-93F7-7142-A3CD2AC0608C}.Release|Any CPU.ActiveCfg = Release|Any CPU
		{6DB29F45-28A2-93F7-7142-A3CD2AC0608C}.Release|Any CPU.Build.0 = Release|Any CPU
	EndGlobalSection
	GlobalSection(SolutionProperties) = preSolution
		HideSolutionNode = FALSE
	EndGlobalSection
	GlobalSection(NestedProjects) = preSolution
		{8DCD68EE-565F-45BF-ACB6-BEF0300F2DD1} = {609277C3-BEE7-45C3-B143-D9219F266BE5}
		{DDAFF407-DC07-D7B1-FA6B-E26FF6382F4E} = {8DCD68EE-565F-45BF-ACB6-BEF0300F2DD1}
		{E3C2BFDC-023D-B329-352B-7CDD68DDD7D9} = {0D228FD0-75B4-4E8D-B691-2360A0E72B2F}
		{D5379B6C-8ACC-D625-BA81-6A368FF2D807} = {AF6554A0-8A74-4339-82FF-2F642D46C541}
		{B119D7D0-D16F-44E9-8BC7-280876709E7D} = {02EA681E-C7D8-13C7-8484-4AC65E1B71E8}
		{6DB29F45-28A2-93F7-7142-A3CD2AC0608C} = {77F8D68C-7076-4DB4-8772-0D0C8954B407}
	EndGlobalSection
	GlobalSection(ExtensibilityGlobals) = postSolution
		SolutionGuid = {F4C51317-2C4F-4E48-9A95-A1C4A907A1D1}
	EndGlobalSection
EndGlobal
